{
  "pins" : [
    {
      "identity" : "prettytabbar",
      "kind" : "remoteSourceControl",
      "location" : "https://github.com/kolya9401/PrettyTabBar",
      "state" : {
        "branch" : "main",
        "revision" : "c150e22c6c026ccf3cb8806a308b88ad0053f76a"
      }
    }
  ],
  "version" : 2
}
